
Microsoft Visual Studio Solution File, Format Version 11.00
# Visual C# Express 2010
Project("{FAE04EC0-301F-11D3-BF4B-00C04F79EFBC}") = "RARN_Game", "RARN_Game\RARN_Game\RARN_Game.csproj", "{27184173-882A-4AE7-BF5A-7EBD75AC3F30}"
EndProject
Project("{96E2B04D-8817-42C6-938A-82C39BA4D311}") = "RARN_GameContent", "RARN_Game\RARN_GameContent\RARN_GameContent.contentproj", "{87B1EB85-D89D-4798-A3C4-4638D350A565}"
EndProject
Global
	GlobalSection(SolutionConfigurationPlatforms) = preSolution
		Debug|x86 = Debug|x86
		Release|x86 = Release|x86
	EndGlobalSection
	GlobalSection(ProjectConfigurationPlatforms) = postSolution
		{27184173-882A-4AE7-BF5A-7EBD75AC3F30}.Debug|x86.ActiveCfg = Debug|x86
		{27184173-882A-4AE7-BF5A-7EBD75AC3F30}.Debug|x86.Build.0 = Debug|x86
		{27184173-882A-4AE7-BF5A-7EBD75AC3F30}.Release|x86.ActiveCfg = Release|x86
		{27184173-882A-4AE7-BF5A-7EBD75AC3F30}.Release|x86.Build.0 = Release|x86
		{87B1EB85-D89D-4798-A3C4-4638D350A565}.Debug|x86.ActiveCfg = Debug|x86
		{87B1EB85-D89D-4798-A3C4-4638D350A565}.Release|x86.ActiveCfg = Release|x86
	EndGlobalSection
	GlobalSection(SolutionProperties) = preSolution
		HideSolutionNode = FALSE
	EndGlobalSection
EndGlobal
